{
    "_readme": [
        "This file locks the dependencies of your project to a known state",
        "Read more about it at https://getcomposer.org/doc/01-basic-usage.md#composer-lock-the-lock-file",
        "This file is @generated automatically"
    ],
    "hash": "e13c5089a24a0dc218f919fee0eb84df",
    "packages": [
        {
            "name": "doctrine/annotations",
            "version": "v1.2.6",
            "source": {
                "type": "git",
                "url": "https://github.com/doctrine/annotations.git",
                "reference": "f4a91702ca3cd2e568c3736aa031ed00c3752af4"
            },
            "dist": {
                "type": "zip",
                "url": "https://api.github.com/repos/doctrine/annotations/zipball/f4a91702ca3cd2e568c3736aa031ed00c3752af4",
                "reference": "f4a91702ca3cd2e568c3736aa031ed00c3752af4",
                "shasum": ""
            },
            "require": {
                "doctrine/lexer": "1.*",
                "php": ">=5.3.2"
            },
            "require-dev": {
                "doctrine/cache": "1.*",
                "phpunit/phpunit": "4.*"
            },
            "type": "library",
            "extra": {
                "branch-alias": {
                    "dev-master": "1.3.x-dev"
                }
            },
            "autoload": {
                "psr-0": {
                    "Doctrine\\Common\\Annotations\\": "lib/"
                }
            },
            "notification-url": "https://packagist.org/downloads/",
            "license": [
                "MIT"
            ],
            "authors": [
                {
                    "name": "Roman Borschel",
                    "email": "roman@code-factory.org"
                },
                {
                    "name": "Benjamin Eberlei",
                    "email": "kontakt@beberlei.de"
                },
                {
                    "name": "Guilherme Blanco",
                    "email": "guilhermeblanco@gmail.com"
                },
                {
                    "name": "Jonathan Wage",
                    "email": "jonwage@gmail.com"
                },
                {
                    "name": "Johannes Schmitt",
                    "email": "schmittjoh@gmail.com"
                }
            ],
            "description": "Docblock Annotations Parser",
            "homepage": "http://www.doctrine-project.org",
            "keywords": [
                "annotations",
                "docblock",
                "parser"
            ],
            "time": "2015-06-17 12:21:22"
        },
        {
            "name": "doctrine/cache",
            "version": "v1.4.1",
            "source": {
                "type": "git",
                "url": "https://github.com/doctrine/cache.git",
                "reference": "c9eadeb743ac6199f7eec423cb9426bc518b7b03"
            },
            "dist": {
                "type": "zip",
                "url": "https://api.github.com/repos/doctrine/cache/zipball/c9eadeb743ac6199f7eec423cb9426bc518b7b03",
                "reference": "c9eadeb743ac6199f7eec423cb9426bc518b7b03",
                "shasum": ""
            },
            "require": {
                "php": ">=5.3.2"
            },
            "conflict": {
                "doctrine/common": ">2.2,<2.4"
            },
            "require-dev": {
                "phpunit/phpunit": ">=3.7",
                "predis/predis": "~1.0",
                "satooshi/php-coveralls": "~0.6"
            },
            "type": "library",
            "extra": {
                "branch-alias": {
                    "dev-master": "1.5.x-dev"
                }
            },
            "autoload": {
                "psr-0": {
                    "Doctrine\\Common\\Cache\\": "lib/"
                }
            },
            "notification-url": "https://packagist.org/downloads/",
            "license": [
                "MIT"
            ],
            "authors": [
                {
                    "name": "Roman Borschel",
                    "email": "roman@code-factory.org"
                },
                {
                    "name": "Benjamin Eberlei",
                    "email": "kontakt@beberlei.de"
                },
                {
                    "name": "Guilherme Blanco",
                    "email": "guilhermeblanco@gmail.com"
                },
                {
                    "name": "Jonathan Wage",
                    "email": "jonwage@gmail.com"
                },
                {
                    "name": "Johannes Schmitt",
                    "email": "schmittjoh@gmail.com"
                }
            ],
            "description": "Caching library offering an object-oriented API for many cache backends",
            "homepage": "http://www.doctrine-project.org",
            "keywords": [
                "cache",
                "caching"
            ],
            "time": "2015-04-15 00:11:59"
        },
        {
            "name": "doctrine/collections",
            "version": "v1.3.0",
            "source": {
                "type": "git",
                "url": "https://github.com/doctrine/collections.git",
                "reference": "6c1e4eef75f310ea1b3e30945e9f06e652128b8a"
            },
            "dist": {
                "type": "zip",
                "url": "https://api.github.com/repos/doctrine/collections/zipball/6c1e4eef75f310ea1b3e30945e9f06e652128b8a",
                "reference": "6c1e4eef75f310ea1b3e30945e9f06e652128b8a",
                "shasum": ""
            },
            "require": {
                "php": ">=5.3.2"
            },
            "require-dev": {
                "phpunit/phpunit": "~4.0"
            },
            "type": "library",
            "extra": {
                "branch-alias": {
                    "dev-master": "1.2.x-dev"
                }
            },
            "autoload": {
                "psr-0": {
                    "Doctrine\\Common\\Collections\\": "lib/"
                }
            },
            "notification-url": "https://packagist.org/downloads/",
            "license": [
                "MIT"
            ],
            "authors": [
                {
                    "name": "Roman Borschel",
                    "email": "roman@code-factory.org"
                },
                {
                    "name": "Benjamin Eberlei",
                    "email": "kontakt@beberlei.de"
                },
                {
                    "name": "Guilherme Blanco",
                    "email": "guilhermeblanco@gmail.com"
                },
                {
                    "name": "Jonathan Wage",
                    "email": "jonwage@gmail.com"
                },
                {
                    "name": "Johannes Schmitt",
                    "email": "schmittjoh@gmail.com"
                }
            ],
            "description": "Collections Abstraction library",
            "homepage": "http://www.doctrine-project.org",
            "keywords": [
                "array",
                "collections",
                "iterator"
            ],
            "time": "2015-04-14 22:21:58"
        },
        {
            "name": "doctrine/common",
            "version": "v2.5.0",
            "source": {
                "type": "git",
                "url": "https://github.com/doctrine/common.git",
                "reference": "cd8daf2501e10c63dced7b8b9b905844316ae9d3"
            },
            "dist": {
                "type": "zip",
                "url": "https://api.github.com/repos/doctrine/common/zipball/cd8daf2501e10c63dced7b8b9b905844316ae9d3",
                "reference": "cd8daf2501e10c63dced7b8b9b905844316ae9d3",
                "shasum": ""
            },
            "require": {
                "doctrine/annotations": "1.*",
                "doctrine/cache": "1.*",
                "doctrine/collections": "1.*",
                "doctrine/inflector": "1.*",
                "doctrine/lexer": "1.*",
                "php": ">=5.3.2"
            },
            "require-dev": {
                "phpunit/phpunit": "~3.7"
            },
            "type": "library",
            "extra": {
                "branch-alias": {
                    "dev-master": "2.6.x-dev"
                }
            },
            "autoload": {
                "psr-0": {
                    "Doctrine\\Common\\": "lib/"
                }
            },
            "notification-url": "https://packagist.org/downloads/",
            "license": [
                "MIT"
            ],
            "authors": [
                {
                    "name": "Roman Borschel",
                    "email": "roman@code-factory.org"
                },
                {
                    "name": "Benjamin Eberlei",
                    "email": "kontakt@beberlei.de"
                },
                {
                    "name": "Guilherme Blanco",
                    "email": "guilhermeblanco@gmail.com"
                },
                {
                    "name": "Jonathan Wage",
                    "email": "jonwage@gmail.com"
                },
                {
                    "name": "Johannes Schmitt",
                    "email": "schmittjoh@gmail.com"
                }
            ],
            "description": "Common Library for Doctrine projects",
            "homepage": "http://www.doctrine-project.org",
            "keywords": [
                "annotations",
                "collections",
                "eventmanager",
                "persistence",
                "spl"
            ],
            "time": "2015-04-02 19:55:44"
        },
        {
            "name": "doctrine/inflector",
            "version": "v1.0.1",
            "source": {
                "type": "git",
                "url": "https://github.com/doctrine/inflector.git",
                "reference": "0bcb2e79d8571787f18b7eb036ed3d004908e604"
            },
            "dist": {
                "type": "zip",
                "url": "https://api.github.com/repos/doctrine/inflector/zipball/0bcb2e79d8571787f18b7eb036ed3d004908e604",
                "reference": "0bcb2e79d8571787f18b7eb036ed3d004908e604",
                "shasum": ""
            },
            "require": {
                "php": ">=5.3.2"
            },
            "require-dev": {
                "phpunit/phpunit": "4.*"
            },
            "type": "library",
            "extra": {
                "branch-alias": {
                    "dev-master": "1.0.x-dev"
                }
            },
            "autoload": {
                "psr-0": {
                    "Doctrine\\Common\\Inflector\\": "lib/"
                }
            },
            "notification-url": "https://packagist.org/downloads/",
            "license": [
                "MIT"
            ],
            "authors": [
                {
                    "name": "Roman Borschel",
                    "email": "roman@code-factory.org"
                },
                {
                    "name": "Benjamin Eberlei",
                    "email": "kontakt@beberlei.de"
                },
                {
                    "name": "Guilherme Blanco",
                    "email": "guilhermeblanco@gmail.com"
                },
                {
                    "name": "Jonathan Wage",
                    "email": "jonwage@gmail.com"
                },
                {
                    "name": "Johannes Schmitt",
                    "email": "schmittjoh@gmail.com"
                }
            ],
            "description": "Common String Manipulations with regard to casing and singular/plural rules.",
            "homepage": "http://www.doctrine-project.org",
            "keywords": [
                "inflection",
                "pluralize",
                "singularize",
                "string"
            ],
            "time": "2014-12-20 21:24:13"
        },
        {
            "name": "doctrine/instantiator",
            "version": "1.0.5",
            "source": {
                "type": "git",
                "url": "https://github.com/doctrine/instantiator.git",
                "reference": "8e884e78f9f0eb1329e445619e04456e64d8051d"
            },
            "dist": {
                "type": "zip",
                "url": "https://api.github.com/repos/doctrine/instantiator/zipball/8e884e78f9f0eb1329e445619e04456e64d8051d",
                "reference": "8e884e78f9f0eb1329e445619e04456e64d8051d",
                "shasum": ""
            },
            "require": {
                "php": ">=5.3,<8.0-DEV"
            },
            "require-dev": {
                "athletic/athletic": "~0.1.8",
                "ext-pdo": "*",
                "ext-phar": "*",
                "phpunit/phpunit": "~4.0",
                "squizlabs/php_codesniffer": "~2.0"
            },
            "type": "library",
            "extra": {
                "branch-alias": {
                    "dev-master": "1.0.x-dev"
                }
            },
            "autoload": {
                "psr-4": {
                    "Doctrine\\Instantiator\\": "src/Doctrine/Instantiator/"
                }
            },
            "notification-url": "https://packagist.org/downloads/",
            "license": [
                "MIT"
            ],
            "authors": [
                {
                    "name": "Marco Pivetta",
                    "email": "ocramius@gmail.com",
                    "homepage": "http://ocramius.github.com/"
                }
            ],
            "description": "A small, lightweight utility to instantiate objects in PHP without invoking their constructors",
            "homepage": "https://github.com/doctrine/instantiator",
            "keywords": [
                "constructor",
                "instantiate"
            ],
            "time": "2015-06-14 21:17:01"
        },
        {
            "name": "doctrine/lexer",
            "version": "v1.0.1",
            "source": {
                "type": "git",
                "url": "https://github.com/doctrine/lexer.git",
                "reference": "83893c552fd2045dd78aef794c31e694c37c0b8c"
            },
            "dist": {
                "type": "zip",
                "url": "https://api.github.com/repos/doctrine/lexer/zipball/83893c552fd2045dd78aef794c31e694c37c0b8c",
                "reference": "83893c552fd2045dd78aef794c31e694c37c0b8c",
                "shasum": ""
            },
            "require": {
                "php": ">=5.3.2"
            },
            "type": "library",
            "extra": {
                "branch-alias": {
                    "dev-master": "1.0.x-dev"
                }
            },
            "autoload": {
                "psr-0": {
                    "Doctrine\\Common\\Lexer\\": "lib/"
                }
            },
            "notification-url": "https://packagist.org/downloads/",
            "license": [
                "MIT"
            ],
            "authors": [
                {
                    "name": "Roman Borschel",
                    "email": "roman@code-factory.org"
                },
                {
                    "name": "Guilherme Blanco",
                    "email": "guilhermeblanco@gmail.com"
                },
                {
                    "name": "Johannes Schmitt",
                    "email": "schmittjoh@gmail.com"
                }
            ],
            "description": "Base library for a lexer that can be used in Top-Down, Recursive Descent Parsers.",
            "homepage": "http://www.doctrine-project.org",
            "keywords": [
                "lexer",
                "parser"
            ],
            "time": "2014-09-09 13:34:57"
        },
        {
            "name": "doctrine/mongodb",
            "version": "1.2.0",
            "source": {
                "type": "git",
                "url": "https://github.com/doctrine/mongodb.git",
                "reference": "05869c503605d9f29a469393a2e2d901959930ef"
            },
            "dist": {
                "type": "zip",
                "url": "https://api.github.com/repos/doctrine/mongodb/zipball/05869c503605d9f29a469393a2e2d901959930ef",
                "reference": "05869c503605d9f29a469393a2e2d901959930ef",
                "shasum": ""
            },
            "require": {
                "doctrine/common": "^2.2",
                "ext-mongo": "^1.2.12",
                "php": ">=5.3.2"
            },
            "require-dev": {
                "jmikola/geojson": "^1.0"
            },
            "suggest": {
                "jmikola/geojson": "Support GeoJSON geometry objects in 2dsphere queries"
            },
            "type": "library",
            "autoload": {
                "psr-0": {
                    "Doctrine\\MongoDB": "lib/"
                }
            },
            "notification-url": "https://packagist.org/downloads/",
            "license": [
                "MIT"
            ],
            "authors": [
                {
                    "name": "Jonathan H. Wage",
                    "email": "jonwage@gmail.com"
                },
                {
                    "name": "Jeremy Mikola",
                    "email": "jmikola@gmail.com"
                },
                {
                    "name": "Bulat Shakirzyanov",
                    "email": "mallluhuct@gmail.com"
                },
                {
                    "name": "Kris Wallsmith",
                    "email": "kris.wallsmith@gmail.com"
                },
                {
                    "name": "Maciej Malarz",
                    "email": "malarzm@gmail.com"
                },
                {
                    "name": "Andreas Braun",
                    "email": "alcaeus@alcaeus.org"
                }
            ],
            "description": "Doctrine MongoDB Abstraction Layer",
            "homepage": "http://www.doctrine-project.org",
            "keywords": [
                "database",
                "mongodb",
                "persistence"
            ],
            "time": "2015-08-18 08:33:01"
        },
        {
            "name": "symfony/console",
            "version": "v2.7.3",
            "source": {
                "type": "git",
                "url": "https://github.com/symfony/Console.git",
                "reference": "d6cf02fe73634c96677e428f840704bfbcaec29e"
            },
            "dist": {
                "type": "zip",
                "url": "https://api.github.com/repos/symfony/Console/zipball/d6cf02fe73634c96677e428f840704bfbcaec29e",
                "reference": "d6cf02fe73634c96677e428f840704bfbcaec29e",
                "shasum": ""
            },
            "require": {
                "php": ">=5.3.9"
            },
            "require-dev": {
                "psr/log": "~1.0",
                "symfony/event-dispatcher": "~2.1",
                "symfony/phpunit-bridge": "~2.7",
                "symfony/process": "~2.1"
            },
            "suggest": {
                "psr/log": "For using the console logger",
                "symfony/event-dispatcher": "",
                "symfony/process": ""
            },
            "type": "library",
            "extra": {
                "branch-alias": {
                    "dev-master": "2.7-dev"
                }
            },
            "autoload": {
                "psr-4": {
                    "Symfony\\Component\\Console\\": ""
                }
            },
            "notification-url": "https://packagist.org/downloads/",
            "license": [
                "MIT"
            ],
            "authors": [
                {
                    "name": "Fabien Potencier",
                    "email": "fabien@symfony.com"
                },
                {
                    "name": "Symfony Community",
                    "homepage": "https://symfony.com/contributors"
                }
            ],
            "description": "Symfony Console Component",
            "homepage": "https://symfony.com",
            "time": "2015-07-28 15:18:12"
        }
    ],
    "packages-dev": [
        {
            "name": "symfony/yaml",
            "version": "v2.7.3",
            "source": {
                "type": "git",
                "url": "https://github.com/symfony/Yaml.git",
                "reference": "71340e996171474a53f3d29111d046be4ad8a0ff"
            },
            "dist": {
                "type": "zip",
                "url": "https://api.github.com/repos/symfony/Yaml/zipball/71340e996171474a53f3d29111d046be4ad8a0ff",
                "reference": "71340e996171474a53f3d29111d046be4ad8a0ff",
                "shasum": ""
            },
            "require": {
                "php": ">=5.3.9"
            },
            "require-dev": {
                "symfony/phpunit-bridge": "~2.7"
            },
            "type": "library",
            "extra": {
                "branch-alias": {
                    "dev-master": "2.7-dev"
                }
            },
            "autoload": {
                "psr-4": {
                    "Symfony\\Component\\Yaml\\": ""
                }
            },
            "notification-url": "https://packagist.org/downloads/",
            "license": [
                "MIT"
            ],
            "authors": [
                {
                    "name": "Fabien Potencier",
                    "email": "fabien@symfony.com"
                },
                {
                    "name": "Symfony Community",
                    "homepage": "https://symfony.com/contributors"
                }
            ],
            "description": "Symfony Yaml Component",
            "homepage": "https://symfony.com",
            "time": "2015-07-28 14:07:07"
        }
    ],
    "aliases": [],
    "minimum-stability": "stable",
    "stability-flags": [],
    "prefer-stable": false,
    "prefer-lowest": false,
    "platform": {
        "php": ">=5.3.2"
    },
    "platform-dev": []
}
